
Microsoft Visual Studio Solution File, Format Version 12.00
# Visual Studio Version 17
VisualStudioVersion = 17.6.33829.357
MinimumVisualStudioVersion = 10.0.40219.1
Project("{FAE04EC0-301F-11D3-BF4B-00C04F79EFBC}") = "Uçak Bilet Rezervasyon Sistemi", "Uçak Bilet Rezervasyon Sistemi.csproj", "{3946554F-9999-419D-A32D-C09B3E55AD05}"
EndProject
Global
	GlobalSection(SolutionConfigurationPlatforms) = preSolution
		Debug|Any CPU = Debug|Any CPU
		Release|Any CPU = Release|Any CPU
	EndGlobalSection
	GlobalSection(ProjectConfigurationPlatforms) = postSolution
		{3946554F-9999-419D-A32D-C09B3E55AD05}.Debug|Any CPU.ActiveCfg = Debug|Any CPU
		{3946554F-9999-419D-A32D-C09B3E55AD05}.Debug|Any CPU.Build.0 = Debug|Any CPU
		{3946554F-9999-419D-A32D-C09B3E55AD05}.Release|Any CPU.ActiveCfg = Release|Any CPU
		{3946554F-9999-419D-A32D-C09B3E55AD05}.Release|Any CPU.Build.0 = Release|Any CPU
	EndGlobalSection
	GlobalSection(SolutionProperties) = preSolution
		HideSolutionNode = FALSE
	EndGlobalSection
	GlobalSection(ExtensibilityGlobals) = postSolution
		SolutionGuid = {B820D9C1-E5FE-4F7C-912A-177AB9A28445}
	EndGlobalSection
EndGlobal
